	<Project xmlns="http://schemas.microsoft.com/developer/msbuild/2003">
		<PropertyGroup>
			<ProjectGuid>{BA0542C9-96A8-45DA-99CA-7ED01CF867FD}</ProjectGuid>
			<MainSource>OverbyteIcsDel120Package.dpk</MainSource>
			<Config Condition="'$(Config)'==''">Debug</Config>
			<DCC_DCCCompiler>DCC32</DCC_DCCCompiler>
			<ProjectVersion>11.1</ProjectVersion>
		</PropertyGroup>
		<PropertyGroup Condition="'$(Config)'=='Base' or '$(Base)'!=''">
			<Base>true</Base>
		</PropertyGroup>
		<PropertyGroup Condition="'$(Config)'=='Release' or '$(Cfg_1)'!=''">
			<Cfg_1>true</Cfg_1>
			<CfgParent>Base</CfgParent>
			<Base>true</Base>
		</PropertyGroup>
		<PropertyGroup Condition="'$(Config)'=='Debug' or '$(Cfg_2)'!=''">
			<Cfg_2>true</Cfg_2>
			<CfgParent>Base</CfgParent>
			<Base>true</Base>
		</PropertyGroup>
		<PropertyGroup Condition="'$(Base)'!=''">
			<GenDll>true</GenDll>
			<DCC_IntegerOverflowCheck>true</DCC_IntegerOverflowCheck>
			<GenPackage>true</GenPackage>
			<DesignOnlyPackage>false</DesignOnlyPackage>
			<DCC_ImageBase>00400000</DCC_ImageBase>
			<DCC_DependencyCheckOutputName>C:\Documents and Settings\All Users\Documents\RAD Studio\6.0\Bpl\OverbyteIcsDel120Package.bpl</DCC_DependencyCheckOutputName>
			<DCC_Description>Overbyte ICS for Delphi 2008</DCC_Description>
			<DCC_Define>USE_ZLIB_OBJ;$(DCC_Define)</DCC_Define>
			<DCC_Optimize>false</DCC_Optimize>
			<DCC_RangeChecking>true</DCC_RangeChecking>
		</PropertyGroup>
		<PropertyGroup Condition="'$(Cfg_1)'!=''">
			<DCC_SymbolReferenceInfo>0</DCC_SymbolReferenceInfo>
			<DCC_DebugInformation>false</DCC_DebugInformation>
			<DCC_LocalDebugSymbols>false</DCC_LocalDebugSymbols>
			<DCC_Define>RELEASE;$(DCC_Define)</DCC_Define>
		</PropertyGroup>
		<PropertyGroup Condition="'$(Cfg_2)'!=''">
			<DCC_Define>DEBUG;$(DCC_Define)</DCC_Define>
		</PropertyGroup>
		<ItemGroup>
			<DelphiCompile Include="OverbyteIcsDel120Package.dpk">
				<MainSource>MainSource</MainSource>
			</DelphiCompile>
			<DCCReference Include="OverbyteIcsHttpSrv.dcr"/>
			<DCCReference Include="OverbyteIcsFtpSrv.dcr"/>
			<DCCReference Include="OverbyteIcsNntpCli.dcr"/>
			<DCCReference Include="OverbyteIcsWSocket.dcr"/>
			<DCCReference Include="OverbyteIcsFtpCli.dcr"/>
			<DCCReference Include="OverbyteIcsHttpProt.dcr"/>
			<DCCReference Include="OverbyteIcsWSocketS.dcr"/>
			<DCCReference Include="OverbyteIcsSmtpProt.dcr"/>
			<DCCReference Include="OverbyteIcsPop3Prot.dcr"/>
			<DCCReference Include="OverbyteIcsTnCnx.dcr"/>
			<DCCReference Include="OverbyteIcsEmulVT.dcr"/>
			<DCCReference Include="OverbyteIcsTnEmulVT.dcr"/>
			<DCCReference Include="OverbyteIcsPing.dcr"/>
			<DCCReference Include="OverbyteIcsDnsQuery.dcr"/>
			<DCCReference Include="OverbyteIcsTnScript.dcr"/>
			<DCCReference Include="OverbyteIcsFingCli.dcr"/>
			<DCCReference Include="OverbyteIcsLogger.dcr"/>
			<DCCReference Include="OverbyteIcsMimedec.dcr"/>
			<DCCReference Include="OverbyteIcsMultiProgressBar.dcr"/>
			<DCCReference Include="OverbyteIcsMultipartHttpDownloader.dcr"/>
			<DCCReference Include="OverbyteIcsMultipartFtpDownloader.dcr"/>
			<DCCReference Include="rtl.dcp"/>
			<DCCReference Include="vcl.dcp"/>
			<DCCReference Include="designide.dcp"/>
			<DCCReference Include="OverbyteIcsTypes.pas"/>
			<DCCReference Include="OverbyteIcsWinsock.pas"/>
			<DCCReference Include="OverbyteIcsWndControl.pas"/>
			<DCCReference Include="OverbyteIcsWSockBuf.pas"/>
			<DCCReference Include="OverByteIcsWSocketE.pas"/>
			<DCCReference Include="OverByteIcsFtpSrvT.pas"/>
			<DCCReference Include="OverbyteIcsFtpSrvC.pas"/>
			<DCCReference Include="OverbyteIcsHttpSrv.pas"/>
			<DCCReference Include="OverbyteIcsWSocket.pas"/>
			<DCCReference Include="OverbyteIcsFtpCli.pas"/>
			<DCCReference Include="OverbyteIcsFtpSrv.pas"/>
			<DCCReference Include="OverbyteIcsHttpProt.pas"/>
			<DCCReference Include="OverbyteIcsWSocketS.pas"/>
			<DCCReference Include="OverbyteIcsSmtpProt.pas"/>
			<DCCReference Include="OverbyteIcsPop3Prot.pas"/>
			<DCCReference Include="OverbyteIcsNntpCli.pas"/>
			<DCCReference Include="OverbyteIcsTnCnx.pas"/>
			<DCCReference Include="OverbyteIcsEmulVT.pas"/>
			<DCCReference Include="OverbyteIcsTnEmulVT.pas"/>
			<DCCReference Include="OverbyteIcsTnOptFrm.pas"/>
			<DCCReference Include="OverbyteIcsPing.pas"/>
			<DCCReference Include="OverbyteIcsDnsQuery.pas"/>
			<DCCReference Include="OverbyteIcsTnScript.pas"/>
			<DCCReference Include="OverbyteIcsFingCli.pas"/>
			<DCCReference Include="OverbyteIcsLogger.pas"/>
			<DCCReference Include="OverbyteIcsMD4.pas"/>
			<DCCReference Include="OverbyteIcsMD5.pas"/>
			<DCCReference Include="OverbyteIcsMimeUtils.pas"/>
			<DCCReference Include="OverbyteIcsSha1.pas"/>
			<DCCReference Include="OverbyteIcsUrl.pas"/>
			<DCCReference Include="OverbyteIcsZlibHigh.pas"/>
			<DCCReference Include="OverbyteIcsZLibObj.pas"/>
			<DCCReference Include="OverbyteIcsDES.pas"/>
			<DCCReference Include="OverbyteIcsHttpContCod.pas"/>
			<DCCReference Include="OverbyteIcsIcmp.pas"/>
			<DCCReference Include="OverbyteIcsNtlmMsgs.pas"/>
			<DCCReference Include="OverbyteIcsStreams.pas"/>
			<DCCReference Include="OverbyteIcsLibrary.pas"/>
			<DCCReference Include="OverbyteIcsSspi.pas"/>
			<DCCReference Include="OverbyteIcsNtlmSsp.pas"/>
			<DCCReference Include="OverbyteIcsWinsock2.pas"/>
			<DCCReference Include="OverbyteIcsMimeDec.pas"/>
			<DCCReference Include="OverbyteIcsCRC.pas"/>
			<DCCReference Include="OverbyteIcsMultiProgressBar.pas"/>
			<DCCReference Include="OverbyteIcsMultipartHttpDownloader.pas"/>
			<DCCReference Include="OverbyteIcsMultipartFtpDownloader.pas"/>
			<DCCReference Include="OverbyteIcsOneTimePw.pas"/>
			<DCCReference Include="OverbyteIcsUtils.pas"/>
			<DCCReference Include="OverbyteIcsCharsetUtils.pas"/>
			<DCCReference Include="OverbyteIcsHttpSrv.dcr"/>
			<DCCReference Include="OverbyteIcsFtpSrv.dcr"/>
			<DCCReference Include="OverbyteIcsNntpCli.dcr"/>
			<DCCReference Include="OverbyteIcsWSocket.dcr"/>
			<DCCReference Include="OverbyteIcsFtpCli.dcr"/>
			<DCCReference Include="OverbyteIcsHttpProt.dcr"/>
			<DCCReference Include="OverbyteIcsWSocketS.dcr"/>
			<DCCReference Include="OverbyteIcsSmtpProt.dcr"/>
			<DCCReference Include="OverbyteIcsPop3Prot.dcr"/>
			<DCCReference Include="OverbyteIcsTnCnx.dcr"/>
			<DCCReference Include="OverbyteIcsEmulVT.dcr"/>
			<DCCReference Include="OverbyteIcsTnEmulVT.dcr"/>
			<DCCReference Include="OverbyteIcsPing.dcr"/>
			<DCCReference Include="OverbyteIcsDnsQuery.dcr"/>
			<DCCReference Include="OverbyteIcsTnScript.dcr"/>
			<DCCReference Include="OverbyteIcsFingCli.dcr"/>
			<DCCReference Include="OverbyteIcsLogger.dcr"/>
			<DCCReference Include="OverbyteIcsMimedec.dcr"/>
			<DCCReference Include="OverbyteIcsMultiProgressBar.dcr"/>
			<DCCReference Include="OverbyteIcsMultipartHttpDownloader.dcr"/>
			<DCCReference Include="OverbyteIcsMultipartFtpDownloader.dcr"/>
			<BuildConfiguration Include="Base">
				<Key>Base</Key>
			</BuildConfiguration>
			<BuildConfiguration Include="Debug">
				<Key>Cfg_2</Key>
				<CfgParent>Base</CfgParent>
			</BuildConfiguration>
			<BuildConfiguration Include="Release">
				<Key>Cfg_1</Key>
				<CfgParent>Base</CfgParent>
			</BuildConfiguration>
		</ItemGroup>
		<Import Project="$(BDS)\Bin\CodeGear.Delphi.Targets" Condition="Exists('$(BDS)\Bin\CodeGear.Delphi.Targets')"/>
		<ProjectExtensions>
			<Borland.Personality>Delphi.Personality</Borland.Personality>
			<Borland.ProjectType>Package</Borland.ProjectType>
			<BorlandProject>
				<Delphi.Personality>
					<Source>
						<Source Name="MainSource">OverbyteIcsDel120Package.dpk</Source>
					</Source>
					<Parameters>
						<Parameters Name="UseLauncher">False</Parameters>
						<Parameters Name="LoadAllSymbols">True</Parameters>
						<Parameters Name="LoadUnspecifiedSymbols">False</Parameters>
					</Parameters>
					<VersionInfo>
						<VersionInfo Name="IncludeVerInfo">True</VersionInfo>
						<VersionInfo Name="AutoIncBuild">False</VersionInfo>
						<VersionInfo Name="MajorVer">1</VersionInfo>
						<VersionInfo Name="MinorVer">0</VersionInfo>
						<VersionInfo Name="Release">0</VersionInfo>
						<VersionInfo Name="Build">0</VersionInfo>
						<VersionInfo Name="Debug">False</VersionInfo>
						<VersionInfo Name="PreRelease">False</VersionInfo>
						<VersionInfo Name="Special">False</VersionInfo>
						<VersionInfo Name="Private">False</VersionInfo>
						<VersionInfo Name="DLL">False</VersionInfo>
						<VersionInfo Name="Locale">1031</VersionInfo>
						<VersionInfo Name="CodePage">1252</VersionInfo>
					</VersionInfo>
					<VersionInfoKeys>
						<VersionInfoKeys Name="CompanyName"/>
						<VersionInfoKeys Name="FileDescription"/>
						<VersionInfoKeys Name="FileVersion">1.0.0.0</VersionInfoKeys>
						<VersionInfoKeys Name="InternalName"/>
						<VersionInfoKeys Name="LegalCopyright"/>
						<VersionInfoKeys Name="LegalTrademarks"/>
						<VersionInfoKeys Name="OriginalFilename"/>
						<VersionInfoKeys Name="ProductName"/>
						<VersionInfoKeys Name="ProductVersion">1.0.0.0</VersionInfoKeys>
						<VersionInfoKeys Name="Comments"/>
					</VersionInfoKeys>
				</Delphi.Personality>
			</BorlandProject>
		</ProjectExtensions>
	</Project>
